// !$*UTF8*$!
{
	archiveVersion = 1;
	classes = {
	};
	objectVersion = 50;
	objects = {

/* Begin PBXBuildFile section */
		EBDF5D13220C7F6D00AC0DBF /* AppDelegate.swift in Sources */ = {isa = PBXBuildFile; fileRef = EBDF5D12220C7F6D00AC0DBF /* AppDelegate.swift */; };
		EBDF5D15220C7F6D00AC0DBF /* art.scnassets in Resources */ = {isa = PBXBuildFile; fileRef = EBDF5D14220C7F6D00AC0DBF /* art.scnassets */; };
		EBDF5D17220C7F6D00AC0DBF /* ViewController.swift in Sources */ = {isa = PBXBuildFile; fileRef = EBDF5D16220C7F6D00AC0DBF /* ViewController.swift */; };
		EBDF5D1A220C7F6D00AC0DBF /* Main.storyboard in Resources */ = {isa = PBXBuildFile; fileRef = EBDF5D18220C7F6D00AC0DBF /* Main.storyboard */; };
		EBDF5D1C220C7F6F00AC0DBF /* Assets.xcassets in Resources */ = {isa = PBXBuildFile; fileRef = EBDF5D1B220C7F6F00AC0DBF /* Assets.xcassets */; };
		EBDF5D1F220C7F6F00AC0DBF /* LaunchScreen.storyboard in Resources */ = {isa = PBXBuildFile; fileRef = EBDF5D1D220C7F6F00AC0DBF /* LaunchScreen.storyboard */; };
		EBDF5D2A220C7F6F00AC0DBF /* ARBuildingTests.swift in Sources */ = {isa = PBXBuildFile; fileRef = EBDF5D29220C7F6F00AC0DBF /* ARBuildingTests.swift */; };
		EBDF5D35220C7F6F00AC0DBF /* ARBuildingUITests.swift in Sources */ = {isa = PBXBuildFile; fileRef = EBDF5D34220C7F6F00AC0DBF /* ARBuildingUITests.swift */; };
/* End PBXBuildFile section */

/* Begin PBXContainerItemProxy section */
		EBDF5D26220C7F6F00AC0DBF /* PBXContainerItemProxy */ = {
			isa = PBXContainerItemProxy;
			containerPortal = EBDF5D07220C7F6D00AC0DBF /* Project object */;
			proxyType = 1;
			remoteGlobalIDString = EBDF5D0E220C7F6D00AC0DBF;
			remoteInfo = ARBuilding;
		};
		EBDF5D31220C7F6F00AC0DBF /* PBXContainerItemProxy */ = {
			isa = PBXContainerItemProxy;
			containerPortal = EBDF5D07220C7F6D00AC0DBF /* Project object */;
			proxyType = 1;
			remoteGlobalIDString = EBDF5D0E220C7F6D00AC0DBF;
			remoteInfo = ARBuilding;
		};
/* End PBXContainerItemProxy section */

/* Begin PBXFileReference section */
		EBDF5D0F220C7F6D00AC0DBF /* ARBuilding.app */ = {isa = PBXFileReference; explicitFileType = wrapper.application; includeInIndex = 0; path = ARBuilding.app; sourceTree = BUILT_PRODUCTS_DIR; };
		EBDF5D12220C7F6D00AC0DBF /* AppDelegate.swift */ = {isa = PBXFileReference; lastKnownFileType = sourcecode.swift; path = AppDelegate.swift; sourceTree = "<group>"; };
		EBDF5D14220C7F6D00AC0DBF /* art.scnassets */ = {isa = PBXFileReference; lastKnownFileType = wrapper.scnassets; path = art.scnassets; sourceTree = "<group>"; };
		EBDF5D16220C7F6D00AC0DBF /* ViewController.swift */ = {isa = PBXFileReference; lastKnownFileType = sourcecode.swift; path = ViewController.swift; sourceTree = "<group>"; };
		EBDF5D19220C7F6D00AC0DBF /* Base */ = {isa = PBXFileReference; lastKnownFileType = file.storyboard; name = Base; path = Base.lproj/Main.storyboard; sourceTree = "<group>"; };
		EBDF5D1B220C7F6F00AC0DBF /* Assets.xcassets */ = {isa = PBXFileReference; lastKnownFileType = folder.assetcatalog; path = Assets.xcassets; sourceTree = "<group>"; };
		EBDF5D1E220C7F6F00AC0DBF /* Base */ = {isa = PBXFileReference; lastKnownFileType = file.storyboard; name = Base; path = Base.lproj/LaunchScreen.storyboard; sourceTree = "<group>"; };
		EBDF5D20220C7F6F00AC0DBF /* Info.plist */ = {isa = PBXFileReference; lastKnownFileType = text.plist.xml; path = Info.plist; sourceTree = "<group>"; };
		EBDF5D25220C7F6F00AC0DBF /* ARBuildingTests.xctest */ = {isa = PBXFileReference; explicitFileType = wrapper.cfbundle; includeInIndex = 0; path = ARBuildingTests.xctest; sourceTree = BUILT_PRODUCTS_DIR; };
		EBDF5D29220C7F6F00AC0DBF /* ARBuildingTests.swift */ = {isa = PBXFileReference; lastKnownFileType = sourcecode.swift; path = ARBuildingTests.swift; sourceTree = "<group>"; };
		EBDF5D2B220C7F6F00AC0DBF /* Info.plist */ = {isa = PBXFileReference; lastKnownFileType = text.plist.xml; path = Info.plist; sourceTree = "<group>"; };
		EBDF5D30220C7F6F00AC0DBF /* ARBuildingUITests.xctest */ = {isa = PBXFileReference; explicitFileType = wrapper.cfbundle; includeInIndex = 0; path = ARBuildingUITests.xctest; sourceTree = BUILT_PRODUCTS_DIR; };
		EBDF5D34220C7F6F00AC0DBF /* ARBuildingUITests.swift */ = {isa = PBXFileReference; lastKnownFileType = sourcecode.swift; path = ARBuildingUITests.swift; sourceTree = "<group>"; };
		EBDF5D36220C7F6F00AC0DBF /* Info.plist */ = {isa = PBXFileReference; lastKnownFileType = text.plist.xml; path = Info.plist; sourceTree = "<group>"; };
/* End PBXFileReference section */

/* Begin PBXFrameworksBuildPhase section */
		EBDF5D0C220C7F6D00AC0DBF /* Frameworks */ = {
			isa = PBXFrameworksBuildPhase;
			buildActionMask = 2147483647;
			files = (
			);
			runOnlyForDeploymentPostprocessing = 0;
		};
		EBDF5D22220C7F6F00AC0DBF /* Frameworks */ = {
			isa = PBXFrameworksBuildPhase;
			buildActionMask = 2147483647;
			files = (
			);
			runOnlyForDeploymentPostprocessing = 0;
		};
		EBDF5D2D220C7F6F00AC0DBF /* Frameworks */ = {
			isa = PBXFrameworksBuildPhase;
			buildActionMask = 2147483647;
			files = (
			);
			runOnlyForDeploymentPostprocessing = 0;
		};
/* End PBXFrameworksBuildPhase section */

/* Begin PBXGroup section */
		EBDF5D06220C7F6D00AC0DBF = {
			isa = PBXGroup;
			children = (
				EBDF5D11220C7F6D00AC0DBF /* ARBuilding */,
				EBDF5D28220C7F6F00AC0DBF /* ARBuildingTests */,
				EBDF5D33220C7F6F00AC0DBF /* ARBuildingUITests */,
				EBDF5D10220C7F6D00AC0DBF /* Products */,
			);
			sourceTree = "<group>";
		};
		EBDF5D10220C7F6D00AC0DBF /* Products */ = {
			isa = PBXGroup;
			children = (
				EBDF5D0F220C7F6D00AC0DBF /* ARBuilding.app */,
				EBDF5D25220C7F6F00AC0DBF /* ARBuildingTests.xctest */,
				EBDF5D30220C7F6F00AC0DBF /* ARBuildingUITests.xctest */,
			);
			name = Products;
			sourceTree = "<group>";
		};
		EBDF5D11220C7F6D00AC0DBF /* ARBuilding */ = {
			isa = PBXGroup;
			children = (
				EBDF5D12220C7F6D00AC0DBF /* AppDelegate.swift */,
				EBDF5D14220C7F6D00AC0DBF /* art.scnassets */,
				EBDF5D16220C7F6D00AC0DBF /* ViewController.swift */,
				EBDF5D18220C7F6D00AC0DBF /* Main.storyboard */,
				EBDF5D1B220C7F6F00AC0DBF /* Assets.xcassets */,
				EBDF5D1D220C7F6F00AC0DBF /* LaunchScreen.storyboard */,
				EBDF5D20220C7F6F00AC0DBF /* Info.plist */,
			);
			path = ARBuilding;
			sourceTree = "<group>";
		};
		EBDF5D28220C7F6F00AC0DBF /* ARBuildingTests */ = {
			isa = PBXGroup;
			children = (
				EBDF5D29220C7F6F00AC0DBF /* ARBuildingTests.swift */,
				EBDF5D2B220C7F6F00AC0DBF /* Info.plist */,
			);
			path = ARBuildingTests;
			sourceTree = "<group>";
		};
		EBDF5D33220C7F6F00AC0DBF /* ARBuildingUITests */ = {
			isa = PBXGroup;
			children = (
				EBDF5D34220C7F6F00AC0DBF /* ARBuildingUITests.swift */,
				EBDF5D36220C7F6F00AC0DBF /* Info.plist */,
			);
			path = ARBuildingUITests;
			sourceTree = "<group>";
		};
/* End PBXGroup section */

/* Begin PBXNativeTarget section */
		EBDF5D0E220C7F6D00AC0DBF /* ARBuilding */ = {
			isa = PBXNativeTarget;
			buildConfigurationList = EBDF5D39220C7F6F00AC0DBF /* Build configuration list for PBXNativeTarget "ARBuilding" */;
			buildPhases = (
				EBDF5D0B220C7F6D00AC0DBF /* Sources */,
				EBDF5D0C220C7F6D00AC0DBF /* Frameworks */,
				EBDF5D0D220C7F6D00AC0DBF /* Resources */,
			);
			buildRules = (
			);
			dependencies = (
			);
			name = ARBuilding;
			productName = ARBuilding;
			productReference = EBDF5D0F220C7F6D00AC0DBF /* ARBuilding.app */;
			productType = "com.apple.product-type.application";
		};
		EBDF5D24220C7F6F00AC0DBF /* ARBuildingTests */ = {
			isa = PBXNativeTarget;
			buildConfigurationList = EBDF5D3C220C7F6F00AC0DBF /* Build configuration list for PBXNativeTarget "ARBuildingTests" */;
			buildPhases = (
				EBDF5D21220C7F6F00AC0DBF /* Sources */,
				EBDF5D22220C7F6F00AC0DBF /* Frameworks */,
				EBDF5D23220C7F6F00AC0DBF /* Resources */,
			);
			buildRules = (
			);
			dependencies = (
				EBDF5D27220C7F6F00AC0DBF /* PBXTargetDependency */,
			);
			name = ARBuildingTests;
			productName = ARBuildingTests;
			productReference = EBDF5D25220C7F6F00AC0DBF /* ARBuildingTests.xctest */;
			productType = "com.apple.product-type.bundle.unit-test";
		};
		EBDF5D2F220C7F6F00AC0DBF /* ARBuildingUITests */ = {
			isa = PBXNativeTarget;
			buildConfigurationList = EBDF5D3F220C7F6F00AC0DBF /* Build configuration list for PBXNativeTarget "ARBuildingUITests" */;
			buildPhases = (
				EBDF5D2C220C7F6F00AC0DBF /* Sources */,
				EBDF5D2D220C7F6F00AC0DBF /* Frameworks */,
				EBDF5D2E220C7F6F00AC0DBF /* Resources */,
			);
			buildRules = (
			);
			dependencies = (
				EBDF5D32220C7F6F00AC0DBF /* PBXTargetDependency */,
			);
			name = ARBuildingUITests;
			productName = ARBuildingUITests;
			productReference = EBDF5D30220C7F6F00AC0DBF /* ARBuildingUITests.xctest */;
			productType = "com.apple.product-type.bundle.ui-testing";
		};
/* End PBXNativeTarget section */

/* Begin PBXProject section */
		EBDF5D07220C7F6D00AC0DBF /* Project object */ = {
			isa = PBXProject;
			attributes = {
				LastSwiftUpdateCheck = 1010;
				LastUpgradeCheck = 1010;
				ORGANIZATIONNAME = "Ernesto Rodrigues";
				TargetAttributes = {
					EBDF5D0E220C7F6D00AC0DBF = {
						CreatedOnToolsVersion = 10.1;
					};
					EBDF5D24220C7F6F00AC0DBF = {
						CreatedOnToolsVersion = 10.1;
						TestTargetID = EBDF5D0E220C7F6D00AC0DBF;
					};
					EBDF5D2F220C7F6F00AC0DBF = {
						CreatedOnToolsVersion = 10.1;
						TestTargetID = EBDF5D0E220C7F6D00AC0DBF;
					};
				};
			};
			buildConfigurationList = EBDF5D0A220C7F6D00AC0DBF /* Build configuration list for PBXProject "ARBuilding" */;
			compatibilityVersion = "Xcode 9.3";
			developmentRegion = en;
			hasScannedForEncodings = 0;
			knownRegions = (
				en,
				Base,
			);
			mainGroup = EBDF5D06220C7F6D00AC0DBF;
			productRefGroup = EBDF5D10220C7F6D00AC0DBF /* Products */;
			projectDirPath = "";
			projectRoot = "";
			targets = (
				EBDF5D0E220C7F6D00AC0DBF /* ARBuilding */,
				EBDF5D24220C7F6F00AC0DBF /* ARBuildingTests */,
				EBDF5D2F220C7F6F00AC0DBF /* ARBuildingUITests */,
			);
		};
/* End PBXProject section */

/* Begin PBXResourcesBuildPhase section */
		EBDF5D0D220C7F6D00AC0DBF /* Resources */ = {
			isa = PBXResourcesBuildPhase;
			buildActionMask = 2147483647;
			files = (
				EBDF5D15220C7F6D00AC0DBF /* art.scnassets in Resources */,
				EBDF5D1F220C7F6F00AC0DBF /* LaunchScreen.storyboard in Resources */,
				EBDF5D1C220C7F6F00AC0DBF /* Assets.xcassets in Resources */,
				EBDF5D1A220C7F6D00AC0DBF /* Main.storyboard in Resources */,
			);
			runOnlyForDeploymentPostprocessing = 0;
		};
		EBDF5D23220C7F6F00AC0DBF /* Resources */ = {
			isa = PBXResourcesBuildPhase;
			buildActionMask = 2147483647;
			files = (
			);
			runOnlyForDeploymentPostprocessing = 0;
		};
		EBDF5D2E220C7F6F00AC0DBF /* Resources */ = {
			isa = PBXResourcesBuildPhase;
			buildActionMask = 2147483647;
			files = (
			);
			runOnlyForDeploymentPostprocessing = 0;
		};
/* End PBXResourcesBuildPhase section */

/* Begin PBXSourcesBuildPhase section */
		EBDF5D0B220C7F6D00AC0DBF /* Sources */ = {
			isa = PBXSourcesBuildPhase;
			buildActionMask = 2147483647;
			files = (
				EBDF5D17220C7F6D00AC0DBF /* ViewController.swift in Sources */,
				EBDF5D13220C7F6D00AC0DBF /* AppDelegate.swift in Sources */,
			);
			runOnlyForDeploymentPostprocessing = 0;
		};
		EBDF5D21220C7F6F00AC0DBF /* Sources */ = {
			isa = PBXSourcesBuildPhase;
			buildActionMask = 2147483647;
			files = (
				EBDF5D2A220C7F6F00AC0DBF /* ARBuildingTests.swift in Sources */,
			);
			runOnlyForDeploymentPostprocessing = 0;
		};
		EBDF5D2C220C7F6F00AC0DBF /* Sources */ = {
			isa = PBXSourcesBuildPhase;
			buildActionMask = 2147483647;
			files = (
				EBDF5D35220C7F6F00AC0DBF /* ARBuildingUITests.swift in Sources */,
			);
			runOnlyForDeploymentPostprocessing = 0;
		};
/* End PBXSourcesBuildPhase section */

/* Begin PBXTargetDependency section */
		EBDF5D27220C7F6F00AC0DBF /* PBXTargetDependency */ = {
			isa = PBXTargetDependency;
			target = EBDF5D0E220C7F6D00AC0DBF /* ARBuilding */;
			targetProxy = EBDF5D26220C7F6F00AC0DBF /* PBXContainerItemProxy */;
		};
		EBDF5D32220C7F6F00AC0DBF /* PBXTargetDependency */ = {
			isa = PBXTargetDependency;
			target = EBDF5D0E220C7F6D00AC0DBF /* ARBuilding */;
			targetProxy = EBDF5D31220C7F6F00AC0DBF /* PBXContainerItemProxy */;
		};
/* End PBXTargetDependency section */

/* Begin PBXVariantGroup section */
		EBDF5D18220C7F6D00AC0DBF /* Main.storyboard */ = {
			isa = PBXVariantGroup;
			children = (
				EBDF5D19220C7F6D00AC0DBF /* Base */,
			);
			name = Main.storyboard;
			sourceTree = "<group>";
		};
		EBDF5D1D220C7F6F00AC0DBF /* LaunchScreen.storyboard */ = {
			isa = PBXVariantGroup;
			children = (
				EBDF5D1E220C7F6F00AC0DBF /* Base */,
			);
			name = LaunchScreen.storyboard;
			sourceTree = "<group>";
		};
/* End PBXVariantGroup section */

/* Begin XCBuildConfiguration section */
		EBDF5D37220C7F6F00AC0DBF /* Debug */ = {
			isa = XCBuildConfiguration;
			buildSettings = {
				ALWAYS_SEARCH_USER_PATHS = NO;
				CLANG_ANALYZER_NONNULL = YES;
				CLANG_ANALYZER_NUMBER_OBJECT_CONVERSION = YES_AGGRESSIVE;
				CLANG_CXX_LANGUAGE_STANDARD = "gnu++14";
				CLANG_CXX_LIBRARY = "libc++";
				CLANG_ENABLE_MODULES = YES;
				CLANG_ENABLE_OBJC_ARC = YES;
				CLANG_ENABLE_OBJC_WEAK = YES;
				CLANG_WARN_BLOCK_CAPTURE_AUTORELEASING = YES;
				CLANG_WARN_BOOL_CONVERSION = YES;
				CLANG_WARN_COMMA = YES;
				CLANG_WARN_CONSTANT_CONVERSION = YES;
				CLANG_WARN_DEPRECATED_OBJC_IMPLEMENTATIONS = YES;
				CLANG_WARN_DIRECT_OBJC_ISA_USAGE = YES_ERROR;
				CLANG_WARN_DOCUMENTATION_COMMENTS = YES;
				CLANG_WARN_EMPTY_BODY = YES;
				CLANG_WARN_ENUM_CONVERSION = YES;
				CLANG_WARN_INFINITE_RECURSION = YES;
				CLANG_WARN_INT_CONVERSION = YES;
				CLANG_WARN_NON_LITERAL_NULL_CONVERSION = YES;
				CLANG_WARN_OBJC_IMPLICIT_RETAIN_SELF = YES;
				CLANG_WARN_OBJC_LITERAL_CONVERSION = YES;
				CLANG_WARN_OBJC_ROOT_CLASS = YES_ERROR;
				CLANG_WARN_RANGE_LOOP_ANALYSIS = YES;
				CLANG_WARN_STRICT_PROTOTYPES = YES;
				CLANG_WARN_SUSPICIOUS_MOVE = YES;
				CLANG_WARN_UNGUARDED_AVAILABILITY = YES_AGGRESSIVE;
				CLANG_WARN_UNREACHABLE_CODE = YES;
				CLANG_WARN__DUPLICATE_METHOD_MATCH = YES;
				CODE_SIGN_IDENTITY = "iPhone Developer";
				COPY_PHASE_STRIP = NO;
				DEBUG_INFORMATION_FORMAT = dwarf;
				ENABLE_STRICT_OBJC_MSGSEND = YES;
				ENABLE_TESTABILITY = YES;
				GCC_C_LANGUAGE_STANDARD = gnu11;
				GCC_DYNAMIC_NO_PIC = NO;
				GCC_NO_COMMON_BLOCKS = YES;
				GCC_OPTIMIZATION_LEVEL = 0;
				GCC_PREPROCESSOR_DEFINITIONS = (
					"DEBUG=1",
					"$(inherited)",
				);
				GCC_WARN_64_TO_32_BIT_CONVERSION = YES;
				GCC_WARN_ABOUT_RETURN_TYPE = YES_ERROR;
				GCC_WARN_UNDECLARED_SELECTOR = YES;
				GCC_WARN_UNINITIALIZED_AUTOS = YES_AGGRESSIVE;
				GCC_WARN_UNUSED_FUNCTION = YES;
				GCC_WARN_UNUSED_VARIABLE = YES;
				IPHONEOS_DEPLOYMENT_TARGET = 12.1;
				MTL_ENABLE_DEBUG_INFO = INCLUDE_SOURCE;
				MTL_FAST_MATH = YES;
				ONLY_ACTIVE_ARCH = YES;
				SDKROOT = iphoneos;
				SWIFT_ACTIVE_COMPILATION_CONDITIONS = DEBUG;
				SWIFT_OPTIMIZATION_LEVEL = "-Onone";
			};
			name = Debug;
		};
		EBDF5D38220C7F6F00AC0DBF /* Release */ = {
			isa = XCBuildConfiguration;
			buildSettings = {
				ALWAYS_SEARCH_USER_PATHS = NO;
				CLANG_ANALYZER_NONNULL = YES;
				CLANG_ANALYZER_NUMBER_OBJECT_CONVERSION = YES_AGGRESSIVE;
				CLANG_CXX_LANGUAGE_STANDARD = "gnu++14";
				CLANG_CXX_LIBRARY = "libc++";
				CLANG_ENABLE_MODULES = YES;
				CLANG_ENABLE_OBJC_ARC = YES;
				CLANG_ENABLE_OBJC_WEAK = YES;
				CLANG_WARN_BLOCK_CAPTURE_AUTORELEASING = YES;
				CLANG_WARN_BOOL_CONVERSION = YES;
				CLANG_WARN_COMMA = YES;
				CLANG_WARN_CONSTANT_CONVERSION = YES;
				CLANG_WARN_DEPRECATED_OBJC_IMPLEMENTATIONS = YES;
				CLANG_WARN_DIRECT_OBJC_ISA_USAGE = YES_ERROR;
				CLANG_WARN_DOCUMENTATION_COMMENTS = YES;
				CLANG_WARN_EMPTY_BODY = YES;
				CLANG_WARN_ENUM_CONVERSION = YES;
				CLANG_WARN_INFINITE_RECURSION = YES;
				CLANG_WARN_INT_CONVERSION = YES;
				CLANG_WARN_NON_LITERAL_NULL_CONVERSION = YES;
				CLANG_WARN_OBJC_IMPLICIT_RETAIN_SELF = YES;
				CLANG_WARN_OBJC_LITERAL_CONVERSION = YES;
				CLANG_WARN_OBJC_ROOT_CLASS = YES_ERROR;
				CLANG_WARN_RANGE_LOOP_ANALYSIS = YES;
				CLANG_WARN_STRICT_PROTOTYPES = YES;
				CLANG_WARN_SUSPICIOUS_MOVE = YES;
				CLANG_WARN_UNGUARDED_AVAILABILITY = YES_AGGRESSIVE;
				CLANG_WARN_UNREACHABLE_CODE = YES;
				CLANG_WARN__DUPLICATE_METHOD_MATCH = YES;
				CODE_SIGN_IDENTITY = "iPhone Developer";
				COPY_PHASE_STRIP = NO;
				DEBUG_INFORMATION_FORMAT = "dwarf-with-dsym";
				ENABLE_NS_ASSERTIONS = NO;
				ENABLE_STRICT_OBJC_MSGSEND = YES;
				GCC_C_LANGUAGE_STANDARD = gnu11;
				GCC_NO_COMMON_BLOCKS = YES;
				GCC_WARN_64_TO_32_BIT_CONVERSION = YES;
				GCC_WARN_ABOUT_RETURN_TYPE = YES_ERROR;
				GCC_WARN_UNDECLARED_SELECTOR = YES;
				GCC_WARN_UNINITIALIZED_AUTOS = YES_AGGRESSIVE;
				GCC_WARN_UNUSED_FUNCTION = YES;
				GCC_WARN_UNUSED_VARIABLE = YES;
				IPHONEOS_DEPLOYMENT_TARGET = 12.1;
				MTL_ENABLE_DEBUG_INFO = NO;
				MTL_FAST_MATH = YES;
				SDKROOT = iphoneos;
				SWIFT_COMPILATION_MODE = wholemodule;
				SWIFT_OPTIMIZATION_LEVEL = "-O";
				VALIDATE_PRODUCT = YES;
			};
			name = Release;
		};
		EBDF5D3A220C7F6F00AC0DBF /* Debug */ = {
			isa = XCBuildConfiguration;
			buildSettings = {
				ASSETCATALOG_COMPILER_APPICON_NAME = AppIcon;
				CODE_SIGN_STYLE = Automatic;
				INFOPLIST_FILE = ARBuilding/Info.plist;
				LD_RUNPATH_SEARCH_PATHS = (
					"$(inherited)",
					"@executable_path/Frameworks",
				);
				PRODUCT_BUNDLE_IDENTIFIER = edu.cuny.bmcc.ARBuilding;
				PRODUCT_NAME = "$(TARGET_NAME)";
				SWIFT_VERSION = 4.2;
				TARGETED_DEVICE_FAMILY = "1,2";
			};
			name = Debug;
		};
		EBDF5D3B220C7F6F00AC0DBF /* Release */ = {
			isa = XCBuildConfiguration;
			buildSettings = {
				ASSETCATALOG_COMPILER_APPICON_NAME = AppIcon;
				CODE_SIGN_STYLE = Automatic;
				INFOPLIST_FILE = ARBuilding/Info.plist;
				LD_RUNPATH_SEARCH_PATHS = (
					"$(inherited)",
					"@executable_path/Frameworks",
				);
				PRODUCT_BUNDLE_IDENTIFIER = edu.cuny.bmcc.ARBuilding;
				PRODUCT_NAME = "$(TARGET_NAME)";
				SWIFT_VERSION = 4.2;
				TARGETED_DEVICE_FAMILY = "1,2";
			};
			name = Release;
		};
		EBDF5D3D220C7F6F00AC0DBF /* Debug */ = {
			isa = XCBuildConfiguration;
			buildSettings = {
				ALWAYS_EMBED_SWIFT_STANDARD_LIBRARIES = YES;
				BUNDLE_LOADER = "$(TEST_HOST)";
				CODE_SIGN_STYLE = Automatic;
				INFOPLIST_FILE = ARBuildingTests/Info.plist;
				LD_RUNPATH_SEARCH_PATHS = (
					"$(inherited)",
					"@executable_path/Frameworks",
					"@loader_path/Frameworks",
				);
				PRODUCT_BUNDLE_IDENTIFIER = edu.cuny.bmcc.ARBuildingTests;
				PRODUCT_NAME = "$(TARGET_NAME)";
				SWIFT_VERSION = 4.2;
				TARGETED_DEVICE_FAMILY = "1,2";
				TEST_HOST = "$(BUILT_PRODUCTS_DIR)/ARBuilding.app/ARBuilding";
			};
			name = Debug;
		};
		EBDF5D3E220C7F6F00AC0DBF /* Release */ = {
			isa = XCBuildConfiguration;
			buildSettings = {
				ALWAYS_EMBED_SWIFT_STANDARD_LIBRARIES = YES;
				BUNDLE_LOADER = "$(TEST_HOST)";
				CODE_SIGN_STYLE = Automatic;
				INFOPLIST_FILE = ARBuildingTests/Info.plist;
				LD_RUNPATH_SEARCH_PATHS = (
					"$(inherited)",
					"@executable_path/Frameworks",
					"@loader_path/Frameworks",
				);
				PRODUCT_BUNDLE_IDENTIFIER = edu.cuny.bmcc.ARBuildingTests;
				PRODUCT_NAME = "$(TARGET_NAME)";
				SWIFT_VERSION = 4.2;
				TARGETED_DEVICE_FAMILY = "1,2";
				TEST_HOST = "$(BUILT_PRODUCTS_DIR)/ARBuilding.app/ARBuilding";
			};
			name = Release;
		};
		EBDF5D40220C7F6F00AC0DBF /* Debug */ = {
			isa = XCBuildConfiguration;
			buildSettings = {
				ALWAYS_EMBED_SWIFT_STANDARD_LIBRARIES = YES;
				CODE_SIGN_STYLE = Automatic;
				INFOPLIST_FILE = ARBuildingUITests/Info.plist;
				LD_RUNPATH_SEARCH_PATHS = (
					"$(inherited)",
					"@executable_path/Frameworks",
					"@loader_path/Frameworks",
				);
				PRODUCT_BUNDLE_IDENTIFIER = edu.cuny.bmcc.ARBuildingUITests;
				PRODUCT_NAME = "$(TARGET_NAME)";
				SWIFT_VERSION = 4.2;
				TARGETED_DEVICE_FAMILY = "1,2";
				TEST_TARGET_NAME = ARBuilding;
			};
			name = Debug;
		};
		EBDF5D41220C7F6F00AC0DBF /* Release */ = {
			isa = XCBuildConfiguration;
			buildSettings = {
				ALWAYS_EMBED_SWIFT_STANDARD_LIBRARIES = YES;
				CODE_SIGN_STYLE = Automatic;
				INFOPLIST_FILE = ARBuildingUITests/Info.plist;
				LD_RUNPATH_SEARCH_PATHS = (
					"$(inherited)",
					"@executable_path/Frameworks",
					"@loader_path/Frameworks",
				);
				PRODUCT_BUNDLE_IDENTIFIER = edu.cuny.bmcc.ARBuildingUITests;
				PRODUCT_NAME = "$(TARGET_NAME)";
				SWIFT_VERSION = 4.2;
				TARGETED_DEVICE_FAMILY = "1,2";
				TEST_TARGET_NAME = ARBuilding;
			};
			name = Release;
		};
/* End XCBuildConfiguration section */

/* Begin XCConfigurationList section */
		EBDF5D0A220C7F6D00AC0DBF /* Build configuration list for PBXProject "ARBuilding" */ = {
			isa = XCConfigurationList;
			buildConfigurations = (
				EBDF5D37220C7F6F00AC0DBF /* Debug */,
				EBDF5D38220C7F6F00AC0DBF /* Release */,
			);
			defaultConfigurationIsVisible = 0;
			defaultConfigurationName = Release;
		};
		EBDF5D39220C7F6F00AC0DBF /* Build configuration list for PBXNativeTarget "ARBuilding" */ = {
			isa = XCConfigurationList;
			buildConfigurations = (
				EBDF5D3A220C7F6F00AC0DBF /* Debug */,
				EBDF5D3B220C7F6F00AC0DBF /* Release */,
			);
			defaultConfigurationIsVisible = 0;
			defaultConfigurationName = Release;
		};
		EBDF5D3C220C7F6F00AC0DBF /* Build configuration list for PBXNativeTarget "ARBuildingTests" */ = {
			isa = XCConfigurationList;
			buildConfigurations = (
				EBDF5D3D220C7F6F00AC0DBF /* Debug */,
				EBDF5D3E220C7F6F00AC0DBF /* Release */,
			);
			defaultConfigurationIsVisible = 0;
			defaultConfigurationName = Release;
		};
		EBDF5D3F220C7F6F00AC0DBF /* Build configuration list for PBXNativeTarget "ARBuildingUITests" */ = {
			isa = XCConfigurationList;
			buildConfigurations = (
				EBDF5D40220C7F6F00AC0DBF /* Debug */,
				EBDF5D41220C7F6F00AC0DBF /* Release */,
			);
			defaultConfigurationIsVisible = 0;
			defaultConfigurationName = Release;
		};
/* End XCConfigurationList section */
	};
	rootObject = EBDF5D07220C7F6D00AC0DBF /* Project object */;
}
